// !$*UTF8*$!
{
	archiveVersion = 1;
	classes = {
	};
	objectVersion = 50;
	objects = {

/* Begin PBXBuildFile section */
		825100A525353370000D81A7 /* AppDelegate.swift in Sources */ = {isa = PBXBuildFile; fileRef = 825100A425353370000D81A7 /* AppDelegate.swift */; };
		825100A725353370000D81A7 /* SceneDelegate.swift in Sources */ = {isa = PBXBuildFile; fileRef = 825100A625353370000D81A7 /* SceneDelegate.swift */; };
		825100AC25353370000D81A7 /* Main.storyboard in Resources */ = {isa = PBXBuildFile; fileRef = 825100AA25353370000D81A7 /* Main.storyboard */; };
		825100AE25353372000D81A7 /* Assets.xcassets in Resources */ = {isa = PBXBuildFile; fileRef = 825100AD25353372000D81A7 /* Assets.xcassets */; };
		825100B125353372000D81A7 /* LaunchScreen.storyboard in Resources */ = {isa = PBXBuildFile; fileRef = 825100AF25353372000D81A7 /* LaunchScreen.storyboard */; };
		825100BE25353449000D81A7 /* Movie.swift in Sources */ = {isa = PBXBuildFile; fileRef = 825100BD25353449000D81A7 /* Movie.swift */; };
		825100C125353506000D81A7 /* MovieService.swift in Sources */ = {isa = PBXBuildFile; fileRef = 825100C025353506000D81A7 /* MovieService.swift */; };
		825100C425353710000D81A7 /* MoviesViewController.swift in Sources */ = {isa = PBXBuildFile; fileRef = 825100C325353710000D81A7 /* MoviesViewController.swift */; };
		825100C825353B39000D81A7 /* MovieCell.swift in Sources */ = {isa = PBXBuildFile; fileRef = 825100C725353B39000D81A7 /* MovieCell.swift */; };
		825100CB253540B6000D81A7 /* MovieDetailViewController.swift in Sources */ = {isa = PBXBuildFile; fileRef = 825100CA253540B6000D81A7 /* MovieDetailViewController.swift */; };
/* End PBXBuildFile section */

/* Begin PBXFileReference section */
		825100A125353370000D81A7 /* MyMoviesApp.app */ = {isa = PBXFileReference; explicitFileType = wrapper.application; includeInIndex = 0; path = MyMoviesApp.app; sourceTree = BUILT_PRODUCTS_DIR; };
		825100A425353370000D81A7 /* AppDelegate.swift */ = {isa = PBXFileReference; lastKnownFileType = sourcecode.swift; path = AppDelegate.swift; sourceTree = "<group>"; };
		825100A625353370000D81A7 /* SceneDelegate.swift */ = {isa = PBXFileReference; lastKnownFileType = sourcecode.swift; path = SceneDelegate.swift; sourceTree = "<group>"; };
		825100AB25353370000D81A7 /* Base */ = {isa = PBXFileReference; lastKnownFileType = file.storyboard; name = Base; path = Base.lproj/Main.storyboard; sourceTree = "<group>"; };
		825100AD25353372000D81A7 /* Assets.xcassets */ = {isa = PBXFileReference; lastKnownFileType = folder.assetcatalog; path = Assets.xcassets; sourceTree = "<group>"; };
		825100B025353372000D81A7 /* Base */ = {isa = PBXFileReference; lastKnownFileType = file.storyboard; name = Base; path = Base.lproj/LaunchScreen.storyboard; sourceTree = "<group>"; };
		825100B225353373000D81A7 /* Info.plist */ = {isa = PBXFileReference; lastKnownFileType = text.plist.xml; path = Info.plist; sourceTree = "<group>"; };
		825100BD25353449000D81A7 /* Movie.swift */ = {isa = PBXFileReference; lastKnownFileType = sourcecode.swift; path = Movie.swift; sourceTree = "<group>"; };
		825100C025353506000D81A7 /* MovieService.swift */ = {isa = PBXFileReference; lastKnownFileType = sourcecode.swift; path = MovieService.swift; sourceTree = "<group>"; };
		825100C325353710000D81A7 /* MoviesViewController.swift */ = {isa = PBXFileReference; lastKnownFileType = sourcecode.swift; path = MoviesViewController.swift; sourceTree = "<group>"; };
		825100C725353B39000D81A7 /* MovieCell.swift */ = {isa = PBXFileReference; lastKnownFileType = sourcecode.swift; path = MovieCell.swift; sourceTree = "<group>"; };
		825100CA253540B6000D81A7 /* MovieDetailViewController.swift */ = {isa = PBXFileReference; lastKnownFileType = sourcecode.swift; path = MovieDetailViewController.swift; sourceTree = "<group>"; };
		825100CD2535492C000D81A7 /* README.md */ = {isa = PBXFileReference; lastKnownFileType = net.daringfireball.markdown; path = README.md; sourceTree = "<group>"; };
/* End PBXFileReference section */

/* Begin PBXFrameworksBuildPhase section */
		8251009E25353370000D81A7 /* Frameworks */ = {
			isa = PBXFrameworksBuildPhase;
			buildActionMask = 2147483647;
			files = (
			);
			runOnlyForDeploymentPostprocessing = 0;
		};
/* End PBXFrameworksBuildPhase section */

/* Begin PBXGroup section */
		8251009825353370000D81A7 = {
			isa = PBXGroup;
			children = (
				825100CD2535492C000D81A7 /* README.md */,
				825100A325353370000D81A7 /* MyMoviesApp */,
				825100A225353370000D81A7 /* Products */,
			);
			sourceTree = "<group>";
		};
		825100A225353370000D81A7 /* Products */ = {
			isa = PBXGroup;
			children = (
				825100A125353370000D81A7 /* MyMoviesApp.app */,
			);
			name = Products;
			sourceTree = "<group>";
		};
		825100A325353370000D81A7 /* MyMoviesApp */ = {
			isa = PBXGroup;
			children = (
				825100BC2535342E000D81A7 /* Layout */,
				825100BB25353416000D81A7 /* Controllers */,
				825100BA2535340E000D81A7 /* Services */,
				825100B925353400000D81A7 /* Entities */,
				825100A425353370000D81A7 /* AppDelegate.swift */,
				825100A625353370000D81A7 /* SceneDelegate.swift */,
				825100AA25353370000D81A7 /* Main.storyboard */,
				825100AD25353372000D81A7 /* Assets.xcassets */,
				825100AF25353372000D81A7 /* LaunchScreen.storyboard */,
				825100B225353373000D81A7 /* Info.plist */,
			);
			path = MyMoviesApp;
			sourceTree = "<group>";
		};
		825100B925353400000D81A7 /* Entities */ = {
			isa = PBXGroup;
			children = (
				825100BD25353449000D81A7 /* Movie.swift */,
			);
			path = Entities;
			sourceTree = "<group>";
		};
		825100BA2535340E000D81A7 /* Services */ = {
			isa = PBXGroup;
			children = (
				825100C025353506000D81A7 /* MovieService.swift */,
			);
			path = Services;
			sourceTree = "<group>";
		};
		825100BB25353416000D81A7 /* Controllers */ = {
			isa = PBXGroup;
			children = (
				825100C325353710000D81A7 /* MoviesViewController.swift */,
				825100CA253540B6000D81A7 /* MovieDetailViewController.swift */,
			);
			path = Controllers;
			sourceTree = "<group>";
		};
		825100BC2535342E000D81A7 /* Layout */ = {
			isa = PBXGroup;
			children = (
				825100C725353B39000D81A7 /* MovieCell.swift */,
			);
			path = Layout;
			sourceTree = "<group>";
		};
/* End PBXGroup section */

/* Begin PBXNativeTarget section */
		825100A025353370000D81A7 /* MyMoviesApp */ = {
			isa = PBXNativeTarget;
			buildConfigurationList = 825100B525353373000D81A7 /* Build configuration list for PBXNativeTarget "MyMoviesApp" */;
			buildPhases = (
				8251009D25353370000D81A7 /* Sources */,
				8251009E25353370000D81A7 /* Frameworks */,
				8251009F25353370000D81A7 /* Resources */,
			);
			buildRules = (
			);
			dependencies = (
			);
			name = MyMoviesApp;
			productName = MyMoviesApp;
			productReference = 825100A125353370000D81A7 /* MyMoviesApp.app */;
			productType = "com.apple.product-type.application";
		};
/* End PBXNativeTarget section */

/* Begin PBXProject section */
		8251009925353370000D81A7 /* Project object */ = {
			isa = PBXProject;
			attributes = {
				LastSwiftUpdateCheck = 1200;
				LastUpgradeCheck = 1200;
				TargetAttributes = {
					825100A025353370000D81A7 = {
						CreatedOnToolsVersion = 12.0.1;
					};
				};
			};
			buildConfigurationList = 8251009C25353370000D81A7 /* Build configuration list for PBXProject "MyMoviesApp" */;
			compatibilityVersion = "Xcode 9.3";
			developmentRegion = en;
			hasScannedForEncodings = 0;
			knownRegions = (
				en,
				Base,
			);
			mainGroup = 8251009825353370000D81A7;
			productRefGroup = 825100A225353370000D81A7 /* Products */;
			projectDirPath = "";
			projectRoot = "";
			targets = (
				825100A025353370000D81A7 /* MyMoviesApp */,
			);
		};
/* End PBXProject section */

/* Begin PBXResourcesBuildPhase section */
		8251009F25353370000D81A7 /* Resources */ = {
			isa = PBXResourcesBuildPhase;
			buildActionMask = 2147483647;
			files = (
				825100B125353372000D81A7 /* LaunchScreen.storyboard in Resources */,
				825100AE25353372000D81A7 /* Assets.xcassets in Resources */,
				825100AC25353370000D81A7 /* Main.storyboard in Resources */,
			);
			runOnlyForDeploymentPostprocessing = 0;
		};
/* End PBXResourcesBuildPhase section */

/* Begin PBXSourcesBuildPhase section */
		8251009D25353370000D81A7 /* Sources */ = {
			isa = PBXSourcesBuildPhase;
			buildActionMask = 2147483647;
			files = (
				825100A525353370000D81A7 /* AppDelegate.swift in Sources */,
				825100BE25353449000D81A7 /* Movie.swift in Sources */,
				825100C825353B39000D81A7 /* MovieCell.swift in Sources */,
				825100A725353370000D81A7 /* SceneDelegate.swift in Sources */,
				825100CB253540B6000D81A7 /* MovieDetailViewController.swift in Sources */,
				825100C125353506000D81A7 /* MovieService.swift in Sources */,
				825100C425353710000D81A7 /* MoviesViewController.swift in Sources */,
			);
			runOnlyForDeploymentPostprocessing = 0;
		};
/* End PBXSourcesBuildPhase section */

/* Begin PBXVariantGroup section */
		825100AA25353370000D81A7 /* Main.storyboard */ = {
			isa = PBXVariantGroup;
			children = (
				825100AB25353370000D81A7 /* Base */,
			);
			name = Main.storyboard;
			sourceTree = "<group>";
		};
		825100AF25353372000D81A7 /* LaunchScreen.storyboard */ = {
			isa = PBXVariantGroup;
			children = (
				825100B025353372000D81A7 /* Base */,
			);
			name = LaunchScreen.storyboard;
			sourceTree = "<group>";
		};
/* End PBXVariantGroup section */

/* Begin XCBuildConfiguration section */
		825100B325353373000D81A7 /* Debug */ = {
			isa = XCBuildConfiguration;
			buildSettings = {
				ALWAYS_SEARCH_USER_PATHS = NO;
				CLANG_ANALYZER_NONNULL = YES;
				CLANG_ANALYZER_NUMBER_OBJECT_CONVERSION = YES_AGGRESSIVE;
				CLANG_CXX_LANGUAGE_STANDARD = "gnu++14";
				CLANG_CXX_LIBRARY = "libc++";
				CLANG_ENABLE_MODULES = YES;
				CLANG_ENABLE_OBJC_ARC = YES;
				CLANG_ENABLE_OBJC_WEAK = YES;
				CLANG_WARN_BLOCK_CAPTURE_AUTORELEASING = YES;
				CLANG_WARN_BOOL_CONVERSION = YES;
				CLANG_WARN_COMMA = YES;
				CLANG_WARN_CONSTANT_CONVERSION = YES;
				CLANG_WARN_DEPRECATED_OBJC_IMPLEMENTATIONS = YES;
				CLANG_WARN_DIRECT_OBJC_ISA_USAGE = YES_ERROR;
				CLANG_WARN_DOCUMENTATION_COMMENTS = YES;
				CLANG_WARN_EMPTY_BODY = YES;
				CLANG_WARN_ENUM_CONVERSION = YES;
				CLANG_WARN_INFINITE_RECURSION = YES;
				CLANG_WARN_INT_CONVERSION = YES;
				CLANG_WARN_NON_LITERAL_NULL_CONVERSION = YES;
				CLANG_WARN_OBJC_IMPLICIT_RETAIN_SELF = YES;
				CLANG_WARN_OBJC_LITERAL_CONVERSION = YES;
				CLANG_WARN_OBJC_ROOT_CLASS = YES_ERROR;
				CLANG_WARN_QUOTED_INCLUDE_IN_FRAMEWORK_HEADER = YES;
				CLANG_WARN_RANGE_LOOP_ANALYSIS = YES;
				CLANG_WARN_STRICT_PROTOTYPES = YES;
				CLANG_WARN_SUSPICIOUS_MOVE = YES;
				CLANG_WARN_UNGUARDED_AVAILABILITY = YES_AGGRESSIVE;
				CLANG_WARN_UNREACHABLE_CODE = YES;
				CLANG_WARN__DUPLICATE_METHOD_MATCH = YES;
				COPY_PHASE_STRIP = NO;
				DEBUG_INFORMATION_FORMAT = dwarf;
				ENABLE_STRICT_OBJC_MSGSEND = YES;
				ENABLE_TESTABILITY = YES;
				GCC_C_LANGUAGE_STANDARD = gnu11;
				GCC_DYNAMIC_NO_PIC = NO;
				GCC_NO_COMMON_BLOCKS = YES;
				GCC_OPTIMIZATION_LEVEL = 0;
				GCC_PREPROCESSOR_DEFINITIONS = (
					"DEBUG=1",
					"$(inherited)",
				);
				GCC_WARN_64_TO_32_BIT_CONVERSION = YES;
				GCC_WARN_ABOUT_RETURN_TYPE = YES_ERROR;
				GCC_WARN_UNDECLARED_SELECTOR = YES;
				GCC_WARN_UNINITIALIZED_AUTOS = YES_AGGRESSIVE;
				GCC_WARN_UNUSED_FUNCTION = YES;
				GCC_WARN_UNUSED_VARIABLE = YES;
				IPHONEOS_DEPLOYMENT_TARGET = 14.0;
				MTL_ENABLE_DEBUG_INFO = INCLUDE_SOURCE;
				MTL_FAST_MATH = YES;
				ONLY_ACTIVE_ARCH = YES;
				SDKROOT = iphoneos;
				SWIFT_ACTIVE_COMPILATION_CONDITIONS = DEBUG;
				SWIFT_OPTIMIZATION_LEVEL = "-Onone";
			};
			name = Debug;
		};
		825100B425353373000D81A7 /* Release */ = {
			isa = XCBuildConfiguration;
			buildSettings = {
				ALWAYS_SEARCH_USER_PATHS = NO;
				CLANG_ANALYZER_NONNULL = YES;
				CLANG_ANALYZER_NUMBER_OBJECT_CONVERSION = YES_AGGRESSIVE;
				CLANG_CXX_LANGUAGE_STANDARD = "gnu++14";
				CLANG_CXX_LIBRARY = "libc++";
				CLANG_ENABLE_MODULES = YES;
				CLANG_ENABLE_OBJC_ARC = YES;
				CLANG_ENABLE_OBJC_WEAK = YES;
				CLANG_WARN_BLOCK_CAPTURE_AUTORELEASING = YES;
				CLANG_WARN_BOOL_CONVERSION = YES;
				CLANG_WARN_COMMA = YES;
				CLANG_WARN_CONSTANT_CONVERSION = YES;
				CLANG_WARN_DEPRECATED_OBJC_IMPLEMENTATIONS = YES;
				CLANG_WARN_DIRECT_OBJC_ISA_USAGE = YES_ERROR;
				CLANG_WARN_DOCUMENTATION_COMMENTS = YES;
				CLANG_WARN_EMPTY_BODY = YES;
				CLANG_WARN_ENUM_CONVERSION = YES;
				CLANG_WARN_INFINITE_RECURSION = YES;
				CLANG_WARN_INT_CONVERSION = YES;
				CLANG_WARN_NON_LITERAL_NULL_CONVERSION = YES;
				CLANG_WARN_OBJC_IMPLICIT_RETAIN_SELF = YES;
				CLANG_WARN_OBJC_LITERAL_CONVERSION = YES;
				CLANG_WARN_OBJC_ROOT_CLASS = YES_ERROR;
				CLANG_WARN_QUOTED_INCLUDE_IN_FRAMEWORK_HEADER = YES;
				CLANG_WARN_RANGE_LOOP_ANALYSIS = YES;
				CLANG_WARN_STRICT_PROTOTYPES = YES;
				CLANG_WARN_SUSPICIOUS_MOVE = YES;
				CLANG_WARN_UNGUARDED_AVAILABILITY = YES_AGGRESSIVE;
				CLANG_WARN_UNREACHABLE_CODE = YES;
				CLANG_WARN__DUPLICATE_METHOD_MATCH = YES;
				COPY_PHASE_STRIP = NO;
				DEBUG_INFORMATION_FORMAT = "dwarf-with-dsym";
				ENABLE_NS_ASSERTIONS = NO;
				ENABLE_STRICT_OBJC_MSGSEND = YES;
				GCC_C_LANGUAGE_STANDARD = gnu11;
				GCC_NO_COMMON_BLOCKS = YES;
				GCC_WARN_64_TO_32_BIT_CONVERSION = YES;
				GCC_WARN_ABOUT_RETURN_TYPE = YES_ERROR;
				GCC_WARN_UNDECLARED_SELECTOR = YES;
				GCC_WARN_UNINITIALIZED_AUTOS = YES_AGGRESSIVE;
				GCC_WARN_UNUSED_FUNCTION = YES;
				GCC_WARN_UNUSED_VARIABLE = YES;
				IPHONEOS_DEPLOYMENT_TARGET = 14.0;
				MTL_ENABLE_DEBUG_INFO = NO;
				MTL_FAST_MATH = YES;
				SDKROOT = iphoneos;
				SWIFT_COMPILATION_MODE = wholemodule;
				SWIFT_OPTIMIZATION_LEVEL = "-O";
				VALIDATE_PRODUCT = YES;
			};
			name = Release;
		};
		825100B625353373000D81A7 /* Debug */ = {
			isa = XCBuildConfiguration;
			buildSettings = {
				ASSETCATALOG_COMPILER_APPICON_NAME = AppIcon;
				ASSETCATALOG_COMPILER_GLOBAL_ACCENT_COLOR_NAME = AccentColor;
				CODE_SIGN_STYLE = Automatic;
				DEVELOPMENT_TEAM = 35YSZ37LA7;
				INFOPLIST_FILE = MyMoviesApp/Info.plist;
				LD_RUNPATH_SEARCH_PATHS = (
					"$(inherited)",
					"@executable_path/Frameworks",
				);
				PRODUCT_BUNDLE_IDENTIFIER = com.josemartinsnetto.MyMoviesApp;
				PRODUCT_NAME = "$(TARGET_NAME)";
				SWIFT_VERSION = 5.0;
				TARGETED_DEVICE_FAMILY = "1,2";
			};
			name = Debug;
		};
		825100B725353373000D81A7 /* Release */ = {
			isa = XCBuildConfiguration;
			buildSettings = {
				ASSETCATALOG_COMPILER_APPICON_NAME = AppIcon;
				ASSETCATALOG_COMPILER_GLOBAL_ACCENT_COLOR_NAME = AccentColor;
				CODE_SIGN_STYLE = Automatic;
				DEVELOPMENT_TEAM = 35YSZ37LA7;
				INFOPLIST_FILE = MyMoviesApp/Info.plist;
				LD_RUNPATH_SEARCH_PATHS = (
					"$(inherited)",
					"@executable_path/Frameworks",
				);
				PRODUCT_BUNDLE_IDENTIFIER = com.josemartinsnetto.MyMoviesApp;
				PRODUCT_NAME = "$(TARGET_NAME)";
				SWIFT_VERSION = 5.0;
				TARGETED_DEVICE_FAMILY = "1,2";
			};
			name = Release;
		};
/* End XCBuildConfiguration section */

/* Begin XCConfigurationList section */
		8251009C25353370000D81A7 /* Build configuration list for PBXProject "MyMoviesApp" */ = {
			isa = XCConfigurationList;
			buildConfigurations = (
				825100B325353373000D81A7 /* Debug */,
				825100B425353373000D81A7 /* Release */,
			);
			defaultConfigurationIsVisible = 0;
			defaultConfigurationName = Release;
		};
		825100B525353373000D81A7 /* Build configuration list for PBXNativeTarget "MyMoviesApp" */ = {
			isa = XCConfigurationList;
			buildConfigurations = (
				825100B625353373000D81A7 /* Debug */,
				825100B725353373000D81A7 /* Release */,
			);
			defaultConfigurationIsVisible = 0;
			defaultConfigurationName = Release;
		};
/* End XCConfigurationList section */
	};
	rootObject = 8251009925353370000D81A7 /* Project object */;
}
